
Microsoft Visual Studio Solution File, Format Version 12.00
Project("{FAE04EC0-301F-11D3-BF4B-00C04F79EFBC}") = "AdventureWorks.OAuth", "AdventureWorks.OAuth\AdventureWorks.OAuth.csproj", "{E3398430-0C46-4C56-B42F-FA862AC565B3}"
EndProject
Project("{FAE04EC0-301F-11D3-BF4B-00C04F79EFBC}") = "AdventureWorks.OAuth.Domain", "AdventureWorks.OAuth.Domain\AdventureWorks.OAuth.Domain.csproj", "{75223D7C-E296-4B11-AB87-6D080D5308AB}"
EndProject
Global
	GlobalSection(SolutionConfigurationPlatforms) = preSolution
		Debug|Any CPU = Debug|Any CPU
		Release|Any CPU = Release|Any CPU
	EndGlobalSection
	GlobalSection(ProjectConfigurationPlatforms) = postSolution
		{E3398430-0C46-4C56-B42F-FA862AC565B3}.Debug|Any CPU.ActiveCfg = Debug|Any CPU
		{E3398430-0C46-4C56-B42F-FA862AC565B3}.Debug|Any CPU.Build.0 = Debug|Any CPU
		{E3398430-0C46-4C56-B42F-FA862AC565B3}.Release|Any CPU.ActiveCfg = Release|Any CPU
		{E3398430-0C46-4C56-B42F-FA862AC565B3}.Release|Any CPU.Build.0 = Release|Any CPU
		{75223D7C-E296-4B11-AB87-6D080D5308AB}.Debug|Any CPU.ActiveCfg = Debug|Any CPU
		{75223D7C-E296-4B11-AB87-6D080D5308AB}.Debug|Any CPU.Build.0 = Debug|Any CPU
		{75223D7C-E296-4B11-AB87-6D080D5308AB}.Release|Any CPU.ActiveCfg = Release|Any CPU
		{75223D7C-E296-4B11-AB87-6D080D5308AB}.Release|Any CPU.Build.0 = Release|Any CPU
	EndGlobalSection
EndGlobal
